<?xml version="1.0" encoding="utf-8"?>
<Project ToolsVersion="4.0" xmlns="http://schemas.microsoft.com/developer/msbuild/2003">
  <ItemGroup>
    <Filter Include="cu">
      <UniqueIdentifier>{0d737eb8-f343-411c-890f-a06cc115de32}</UniqueIdentifier>
    </Filter>
    <Filter Include="src">
      <UniqueIdentifier>{879b77f4-fcd4-4111-b0e5-974914c0d25e}</UniqueIdentifier>
    </Filter>
  </ItemGroup>
  <ItemGroup>
    <ClInclude Include="..\include\cu\json.h">
      <Filter>cu</Filter>
    </ClInclude>
  </ItemGroup>
  <ItemGroup>
    <ClCompile Include="..\src\copper\json.cpp">
      <Filter>src</Filter>
    </ClCompile>
  </ItemGroup>
</Project>