<?xml version="1.0" encoding="utf-8"?>
<Project ToolsVersion="4.0" xmlns="http://schemas.microsoft.com/developer/msbuild/2003">
  <ItemGroup>
    <ClInclude Include="..\include\cu\json.h" />
    <ClInclude Include="..\include\cu\math.h" />
    <ClInclude Include="..\include\cu\draw.h" />
    <ClInclude Include="..\include\cu\util.h" />
  </ItemGroup>
  <ItemGroup>
    <ClCompile Include="..\src\copper\json.cpp" />
    <ClCompile Include="..\src\copper\draw.cpp" />
    <ClCompile Include="..\src\copper\common.cpp" />
  </ItemGroup>
</Project>